Microsoft Visual Studio Solution File, Format Version 12.00
# Visual Studio Version 17
VisualStudioVersion = 17.0.31903.59
MinimumVisualStudioVersion = 10.0.40219.1
Project("{FAE04EC0-301F-11D3-BF4B-00C04F79EFBC}") = "PierresBakery.Tests", "./PierresBakery.Tests/PierresBakery.Tests.csproj", "{24ACE5F9-0AF7-418A-93E1-D6A3BB4FEB2B}"
EndProject
Project("{FAE04EC0-301F-11D3-BF4B-00C04F79EFBC}") = "PierresBakery", "./PierresBakery/PierresBakery.csproj", "{2ADFA937-6DFD-4479-B699-46519B682576}"
EndProject
Global
	GlobalSection(SolutionConfigurationPlatforms) = preSolution
		Debug|Any CPU = Debug|Any CPU
		Release|Any CPU = Release|Any CPU
	EndGlobalSection
	GlobalSection(SolutionProperties) = preSolution
		HideSolutionNode = FALSE
	EndGlobalSection
	GlobalSection(ProjectConfigurationPlatforms) = postSolution
		{24ACE5F9-0AF7-418A-93E1-D6A3BB4FEB2B}.Debug|Any CPU.ActiveCfg = Debug|Any CPU
		{24ACE5F9-0AF7-418A-93E1-D6A3BB4FEB2B}.Debug|Any CPU.Build.0 = Debug|Any CPU
		{24ACE5F9-0AF7-418A-93E1-D6A3BB4FEB2B}.Release|Any CPU.ActiveCfg = Release|Any CPU
		{24ACE5F9-0AF7-418A-93E1-D6A3BB4FEB2B}.Release|Any CPU.Build.0 = Release|Any CPU
		{2ADFA937-6DFD-4479-B699-46519B682576}.Debug|Any CPU.ActiveCfg = Debug|Any CPU
		{2ADFA937-6DFD-4479-B699-46519B682576}.Debug|Any CPU.Build.0 = Debug|Any CPU
		{2ADFA937-6DFD-4479-B699-46519B682576}.Release|Any CPU.ActiveCfg = Release|Any CPU
		{2ADFA937-6DFD-4479-B699-46519B682576}.Release|Any CPU.Build.0 = Release|Any CPU
	EndGlobalSection
EndGlobal